
Microsoft Visual Studio Solution File, Format Version 12.00
# Visual Studio Version 17
VisualStudioVersion = 17.0.32112.339
MinimumVisualStudioVersion = 10.0.40219.1
Project("{9A19103F-16F7-4668-BE54-9A1E7A4F7556}") = "TimeSheet.Api", "TIimeSheet.Api\TimeSheet.Api.csproj", "{5370727D-5BE7-40CD-9641-E20FE4D9D12A}"
EndProject
Project("{9A19103F-16F7-4668-BE54-9A1E7A4F7556}") = "TimeSheet.Tests", "TimeSheet.Tests\TimeSheet.Tests.csproj", "{F387F33B-CC98-4BDB-8638-52C7563729EB}"
EndProject
Project("{9A19103F-16F7-4668-BE54-9A1E7A4F7556}") = "TimeSheet.Domain", "TimeShieet.Domain\TimeSheet.Domain.csproj", "{3AD093BB-5830-41A5-9338-76F47F6AF273}"
EndProject
Project("{9A19103F-16F7-4668-BE54-9A1E7A4F7556}") = "TimeSheet.App", "TimeSheet.App\TimeSheet.App.csproj", "{8708B4E5-AF2C-40D8-A64B-8CC94A297319}"
EndProject
Project("{9A19103F-16F7-4668-BE54-9A1E7A4F7556}") = "TimeSheet.DataAccess.csv", "TimeSheet.DataAccess.csv\TimeSheet.DataAccess.csv.csproj", "{8DE753D2-D720-442A-9D87-9CC4F331674C}"
EndProject
Global
	GlobalSection(SolutionConfigurationPlatforms) = preSolution
		Debug|Any CPU = Debug|Any CPU
		Release|Any CPU = Release|Any CPU
	EndGlobalSection
	GlobalSection(ProjectConfigurationPlatforms) = postSolution
		{5370727D-5BE7-40CD-9641-E20FE4D9D12A}.Debug|Any CPU.ActiveCfg = Debug|Any CPU
		{5370727D-5BE7-40CD-9641-E20FE4D9D12A}.Debug|Any CPU.Build.0 = Debug|Any CPU
		{5370727D-5BE7-40CD-9641-E20FE4D9D12A}.Release|Any CPU.ActiveCfg = Release|Any CPU
		{5370727D-5BE7-40CD-9641-E20FE4D9D12A}.Release|Any CPU.Build.0 = Release|Any CPU
		{F387F33B-CC98-4BDB-8638-52C7563729EB}.Debug|Any CPU.ActiveCfg = Debug|Any CPU
		{F387F33B-CC98-4BDB-8638-52C7563729EB}.Debug|Any CPU.Build.0 = Debug|Any CPU
		{F387F33B-CC98-4BDB-8638-52C7563729EB}.Release|Any CPU.ActiveCfg = Release|Any CPU
		{F387F33B-CC98-4BDB-8638-52C7563729EB}.Release|Any CPU.Build.0 = Release|Any CPU
		{3AD093BB-5830-41A5-9338-76F47F6AF273}.Debug|Any CPU.ActiveCfg = Debug|Any CPU
		{3AD093BB-5830-41A5-9338-76F47F6AF273}.Debug|Any CPU.Build.0 = Debug|Any CPU
		{3AD093BB-5830-41A5-9338-76F47F6AF273}.Release|Any CPU.ActiveCfg = Release|Any CPU
		{3AD093BB-5830-41A5-9338-76F47F6AF273}.Release|Any CPU.Build.0 = Release|Any CPU
		{8708B4E5-AF2C-40D8-A64B-8CC94A297319}.Debug|Any CPU.ActiveCfg = Debug|Any CPU
		{8708B4E5-AF2C-40D8-A64B-8CC94A297319}.Debug|Any CPU.Build.0 = Debug|Any CPU
		{8708B4E5-AF2C-40D8-A64B-8CC94A297319}.Release|Any CPU.ActiveCfg = Release|Any CPU
		{8708B4E5-AF2C-40D8-A64B-8CC94A297319}.Release|Any CPU.Build.0 = Release|Any CPU
		{8DE753D2-D720-442A-9D87-9CC4F331674C}.Debug|Any CPU.ActiveCfg = Debug|Any CPU
		{8DE753D2-D720-442A-9D87-9CC4F331674C}.Debug|Any CPU.Build.0 = Debug|Any CPU
		{8DE753D2-D720-442A-9D87-9CC4F331674C}.Release|Any CPU.ActiveCfg = Release|Any CPU
		{8DE753D2-D720-442A-9D87-9CC4F331674C}.Release|Any CPU.Build.0 = Release|Any CPU
	EndGlobalSection
	GlobalSection(SolutionProperties) = preSolution
		HideSolutionNode = FALSE
	EndGlobalSection
	GlobalSection(ExtensibilityGlobals) = postSolution
		SolutionGuid = {300CA047-708F-4759-80C9-1B217F1B7959}
	EndGlobalSection
EndGlobal
